
Microsoft Visual Studio Solution File, Format Version 12.00
# Visual Studio Version 17
VisualStudioVersion = 17.0.31521.260
MinimumVisualStudioVersion = 10.0.40219.1
Project("{9A19103F-16F7-4668-BE54-9A1E7A4F7556}") = "DriftPower", "DriftPower\DriftPower.csproj", "{89A3C32D-2584-4FC2-849F-842FAEA0187F}"
EndProject
Global
	GlobalSection(SolutionConfigurationPlatforms) = preSolution
		Debug|Any CPU = Debug|Any CPU
		Release|Any CPU = Release|Any CPU
	EndGlobalSection
	GlobalSection(ProjectConfigurationPlatforms) = postSolution
		{89A3C32D-2584-4FC2-849F-842FAEA0187F}.Debug|Any CPU.ActiveCfg = Debug|Any CPU
		{89A3C32D-2584-4FC2-849F-842FAEA0187F}.Debug|Any CPU.Build.0 = Debug|Any CPU
		{89A3C32D-2584-4FC2-849F-842FAEA0187F}.Release|Any CPU.ActiveCfg = Release|Any CPU
		{89A3C32D-2584-4FC2-849F-842FAEA0187F}.Release|Any CPU.Build.0 = Release|Any CPU
	EndGlobalSection
	GlobalSection(SolutionProperties) = preSolution
		HideSolutionNode = FALSE
	EndGlobalSection
	GlobalSection(ExtensibilityGlobals) = postSolution
		SolutionGuid = {8CBAD688-F85D-44B9-9500-E2F9024C329B}
	EndGlobalSection
EndGlobal
